<?xml version="1.0" encoding="utf-8"?>
<Project ToolsVersion="4.0" xmlns="http://schemas.microsoft.com/developer/msbuild/2003">
  <ItemGroup>
    <Filter Include="Source Files">
      <UniqueIdentifier>{4FC737F1-C7A5-4376-A066-2A32D752A2FF}</UniqueIdentifier>
      <Extensions>cpp;c;cc;cxx;def;odl;idl;hpj;bat;asm;asmx</Extensions>
    </Filter>
    <Filter Include="Header Files">
      <UniqueIdentifier>{93995380-89BD-4b04-88EB-625FBE52EBFB}</UniqueIdentifier>
      <Extensions>h;hpp;hxx;hm;inl;inc;xsd</Extensions>
    </Filter>
    <Filter Include="Runtimes">
      <UniqueIdentifier>{67DA6AB6-F800-4c08-8B7A-83BB121AAD01}</UniqueIdentifier>
      <Extensions>rc;ico;cur;bmp;dlg;rc2;rct;bin;rgs;gif;jpg;jpeg;jpe;resx;tiff;tif;png;wav;mfcribbon-ms</Extensions>
    </Filter>
    <Filter Include="Runtimes\win-x64">
      <UniqueIdentifier>{560e4ec5-f494-4891-9519-a7f2b5f3b9d0}</UniqueIdentifier>
    </Filter>
    <Filter Include="Runtimes\win-x64\native">
      <UniqueIdentifier>{103c7ed5-64ee-4e0b-b03c-72703a500ebb}</UniqueIdentifier>
    </Filter>
    <Filter Include="Runtimes\win-x86">
      <UniqueIdentifier>{b0d3f0c3-e5f4-43d4-92c9-0fcf976cc899}</UniqueIdentifier>
    </Filter>
    <Filter Include="Runtimes\win-x86\native">
      <UniqueIdentifier>{b855455a-43cd-4055-82b4-7213ebf13827}</UniqueIdentifier>
    </Filter>
  </ItemGroup>
  <ItemGroup>
    <ClInclude Include="Stdafx.h">
      <Filter>Header Files</Filter>
    </ClInclude>
    <ClInclude Include="AVCore.h">
      <Filter>Header Files</Filter>
    </ClInclude>
    <ClInclude Include="AVCodec.h">
      <Filter>Header Files</Filter>
    </ClInclude>
    <ClInclude Include="AVFormat.h">
      <Filter>Header Files</Filter>
    </ClInclude>
    <ClInclude Include="SWResample.h">
      <Filter>Header Files</Filter>
    </ClInclude>
    <ClInclude Include="SWScale.h">
      <Filter>Header Files</Filter>
    </ClInclude>
    <ClInclude Include="AVDevice.h">
      <Filter>Header Files</Filter>
    </ClInclude>
    <ClInclude Include="AVFilter.h">
      <Filter>Header Files</Filter>
    </ClInclude>
    <ClInclude Include="Postproc.h">
      <Filter>Header Files</Filter>
    </ClInclude>
  </ItemGroup>
  <ItemGroup>
    <ClCompile Include="AssemblyInfo.cpp">
      <Filter>Source Files</Filter>
    </ClCompile>
    <ClCompile Include="Stdafx.cpp">
      <Filter>Source Files</Filter>
    </ClCompile>
    <ClCompile Include="AVCore.cpp">
      <Filter>Source Files</Filter>
    </ClCompile>
    <ClCompile Include="AVCodec.cpp">
      <Filter>Source Files</Filter>
    </ClCompile>
    <ClCompile Include="AVFormat.cpp">
      <Filter>Source Files</Filter>
    </ClCompile>
    <ClCompile Include="SWResample.cpp">
      <Filter>Source Files</Filter>
    </ClCompile>
    <ClCompile Include="SWScale.cpp">
      <Filter>Source Files</Filter>
    </ClCompile>
    <ClCompile Include="AVDevice.cpp">
      <Filter>Source Files</Filter>
    </ClCompile>
    <ClCompile Include="AVFilter.cpp">
      <Filter>Source Files</Filter>
    </ClCompile>
    <ClCompile Include="Postproc.cpp">
      <Filter>Source Files</Filter>
    </ClCompile>
  </ItemGroup>
  <ItemGroup>
    <Text Include="License.txt" />
  </ItemGroup>
  <ItemGroup>
    <None Include="FFmpeg.NET.snk" />
    <None Include="packages.config" />
  </ItemGroup>
  <ItemGroup>
    <None Include="..\..\ThirdParty\ffmpeg\4.2.2\bin\x86\avcodec-58.dll">
      <Filter>Runtimes\win-x86\native</Filter>
    </None>
    <None Include="..\..\ThirdParty\ffmpeg\4.2.2\bin\x86\avdevice-58.dll">
      <Filter>Runtimes\win-x86\native</Filter>
    </None>
    <None Include="..\..\ThirdParty\ffmpeg\4.2.2\bin\x86\avfilter-7.dll">
      <Filter>Runtimes\win-x86\native</Filter>
    </None>
    <None Include="..\..\ThirdParty\ffmpeg\4.2.2\bin\x86\avformat-58.dll">
      <Filter>Runtimes\win-x86\native</Filter>
    </None>
    <None Include="..\..\ThirdParty\ffmpeg\4.2.2\bin\x86\avutil-56.dll">
      <Filter>Runtimes\win-x86\native</Filter>
    </None>
    <None Include="..\..\ThirdParty\ffmpeg\4.2.2\bin\x86\postproc-55.dll">
      <Filter>Runtimes\win-x86\native</Filter>
    </None>
    <None Include="..\..\ThirdParty\ffmpeg\4.2.2\bin\x86\swresample-3.dll">
      <Filter>Runtimes\win-x86\native</Filter>
    </None>
    <None Include="..\..\ThirdParty\ffmpeg\4.2.2\bin\x86\swscale-5.dll">
      <Filter>Runtimes\win-x86\native</Filter>
    </None>
    <None Include="..\..\ThirdParty\ffmpeg\4.2.2\bin\x64\avcodec-58.dll">
      <Filter>Runtimes\win-x64\native</Filter>
    </None>
    <None Include="..\..\ThirdParty\ffmpeg\4.2.2\bin\x64\avdevice-58.dll">
      <Filter>Runtimes\win-x64\native</Filter>
    </None>
    <None Include="..\..\ThirdParty\ffmpeg\4.2.2\bin\x64\avfilter-7.dll">
      <Filter>Runtimes\win-x64\native</Filter>
    </None>
    <None Include="..\..\ThirdParty\ffmpeg\4.2.2\bin\x64\avformat-58.dll">
      <Filter>Runtimes\win-x64\native</Filter>
    </None>
    <None Include="..\..\ThirdParty\ffmpeg\4.2.2\bin\x64\avutil-56.dll">
      <Filter>Runtimes\win-x64\native</Filter>
    </None>
    <None Include="..\..\ThirdParty\ffmpeg\4.2.2\bin\x64\postproc-55.dll">
      <Filter>Runtimes\win-x64\native</Filter>
    </None>
    <None Include="..\..\ThirdParty\ffmpeg\4.2.2\bin\x64\swresample-3.dll">
      <Filter>Runtimes\win-x64\native</Filter>
    </None>
    <None Include="..\..\ThirdParty\ffmpeg\4.2.2\bin\x64\swscale-5.dll">
      <Filter>Runtimes\win-x64\native</Filter>
    </None>
  </ItemGroup>
</Project>